
Microsoft Visual Studio Solution File, Format Version 12.00
# Visual Studio Version 17
VisualStudioVersion = 17.9.34902.65
MinimumVisualStudioVersion = 10.0.40219.1
Project("{FAE04EC0-301F-11D3-BF4B-00C04F79EFBC}") = "WebApplication1", "WebApplication1\WebApplication1.csproj", "{B9333900-5B39-4801-B379-9E17DC9FFF7C}"
EndProject
Global
	GlobalSection(SolutionConfigurationPlatforms) = preSolution
		Debug|Any CPU = Debug|Any CPU
		Release|Any CPU = Release|Any CPU
	EndGlobalSection
	GlobalSection(ProjectConfigurationPlatforms) = postSolution
		{B9333900-5B39-4801-B379-9E17DC9FFF7C}.Debug|Any CPU.ActiveCfg = Debug|Any CPU
		{B9333900-5B39-4801-B379-9E17DC9FFF7C}.Debug|Any CPU.Build.0 = Debug|Any CPU
		{B9333900-5B39-4801-B379-9E17DC9FFF7C}.Release|Any CPU.ActiveCfg = Release|Any CPU
		{B9333900-5B39-4801-B379-9E17DC9FFF7C}.Release|Any CPU.Build.0 = Release|Any CPU
	EndGlobalSection
	GlobalSection(SolutionProperties) = preSolution
		HideSolutionNode = FALSE
	EndGlobalSection
	GlobalSection(ExtensibilityGlobals) = postSolution
		SolutionGuid = {9563F5BC-AD2E-4BCD-87A1-FB2702FF2963}
	EndGlobalSection
EndGlobal
